
Microsoft Visual Studio Solution File, Format Version 12.00
# Visual Studio Version 17
VisualStudioVersion = 17.7.34202.233
MinimumVisualStudioVersion = 10.0.40219.1
Project("{FAE04EC0-301F-11D3-BF4B-00C04F79EFBC}") = "WebApplication1", "WebApplication1\WebApplication1.csproj", "{0D696FD6-28CD-411E-852B-260C2D0C6269}"
EndProject
Global
	GlobalSection(SolutionConfigurationPlatforms) = preSolution
		Debug|Any CPU = Debug|Any CPU
		Release|Any CPU = Release|Any CPU
	EndGlobalSection
	GlobalSection(ProjectConfigurationPlatforms) = postSolution
		{0D696FD6-28CD-411E-852B-260C2D0C6269}.Debug|Any CPU.ActiveCfg = Debug|Any CPU
		{0D696FD6-28CD-411E-852B-260C2D0C6269}.Debug|Any CPU.Build.0 = Debug|Any CPU
		{0D696FD6-28CD-411E-852B-260C2D0C6269}.Release|Any CPU.ActiveCfg = Release|Any CPU
		{0D696FD6-28CD-411E-852B-260C2D0C6269}.Release|Any CPU.Build.0 = Release|Any CPU
	EndGlobalSection
	GlobalSection(SolutionProperties) = preSolution
		HideSolutionNode = FALSE
	EndGlobalSection
	GlobalSection(ExtensibilityGlobals) = postSolution
		SolutionGuid = {6D7B96C7-D3D4-41E3-AB49-158957071761}
	EndGlobalSection
EndGlobal
